// !$*UTF8*$!
{
	archiveVersion = 1;
	classes = {
	};
	objectVersion = 46;
	objects = {

/* Begin PBXBuildFile section */
		AC25F2681AFADFEC00D80678 /* AppDelegate.swift in Sources */ = {isa = PBXBuildFile; fileRef = AC25F2671AFADFEC00D80678 /* AppDelegate.swift */; };
		AC25F26B1AFADFEC00D80678 /* testMotion.xcdatamodeld in Sources */ = {isa = PBXBuildFile; fileRef = AC25F2691AFADFEC00D80678 /* testMotion.xcdatamodeld */; };
		AC25F26D1AFADFEC00D80678 /* ViewController.swift in Sources */ = {isa = PBXBuildFile; fileRef = AC25F26C1AFADFEC00D80678 /* ViewController.swift */; };
		AC25F2701AFADFEC00D80678 /* Main.storyboard in Resources */ = {isa = PBXBuildFile; fileRef = AC25F26E1AFADFEC00D80678 /* Main.storyboard */; };
		AC25F2721AFADFEC00D80678 /* Images.xcassets in Resources */ = {isa = PBXBuildFile; fileRef = AC25F2711AFADFEC00D80678 /* Images.xcassets */; };
		AC25F2751AFADFEC00D80678 /* LaunchScreen.xib in Resources */ = {isa = PBXBuildFile; fileRef = AC25F2731AFADFEC00D80678 /* LaunchScreen.xib */; };
		AC25F2811AFADFEC00D80678 /* testMotionTests.swift in Sources */ = {isa = PBXBuildFile; fileRef = AC25F2801AFADFEC00D80678 /* testMotionTests.swift */; };
/* End PBXBuildFile section */

/* Begin PBXContainerItemProxy section */
		AC25F27B1AFADFEC00D80678 /* PBXContainerItemProxy */ = {
			isa = PBXContainerItemProxy;
			containerPortal = AC25F25A1AFADFEC00D80678 /* Project object */;
			proxyType = 1;
			remoteGlobalIDString = AC25F2611AFADFEC00D80678;
			remoteInfo = testMotion;
		};
/* End PBXContainerItemProxy section */

/* Begin PBXFileReference section */
		AC25F2621AFADFEC00D80678 /* testMotion.app */ = {isa = PBXFileReference; explicitFileType = wrapper.application; includeInIndex = 0; path = testMotion.app; sourceTree = BUILT_PRODUCTS_DIR; };
		AC25F2661AFADFEC00D80678 /* Info.plist */ = {isa = PBXFileReference; lastKnownFileType = text.plist.xml; path = Info.plist; sourceTree = "<group>"; };
		AC25F2671AFADFEC00D80678 /* AppDelegate.swift */ = {isa = PBXFileReference; lastKnownFileType = sourcecode.swift; path = AppDelegate.swift; sourceTree = "<group>"; };
		AC25F26A1AFADFEC00D80678 /* testMotion.xcdatamodel */ = {isa = PBXFileReference; lastKnownFileType = wrapper.xcdatamodel; path = testMotion.xcdatamodel; sourceTree = "<group>"; };
		AC25F26C1AFADFEC00D80678 /* ViewController.swift */ = {isa = PBXFileReference; lastKnownFileType = sourcecode.swift; path = ViewController.swift; sourceTree = "<group>"; };
		AC25F26F1AFADFEC00D80678 /* Base */ = {isa = PBXFileReference; lastKnownFileType = file.storyboard; name = Base; path = Base.lproj/Main.storyboard; sourceTree = "<group>"; };
		AC25F2711AFADFEC00D80678 /* Images.xcassets */ = {isa = PBXFileReference; lastKnownFileType = folder.assetcatalog; path = Images.xcassets; sourceTree = "<group>"; };
		AC25F2741AFADFEC00D80678 /* Base */ = {isa = PBXFileReference; lastKnownFileType = file.xib; name = Base; path = Base.lproj/LaunchScreen.xib; sourceTree = "<group>"; };
		AC25F27A1AFADFEC00D80678 /* testMotionTests.xctest */ = {isa = PBXFileReference; explicitFileType = wrapper.cfbundle; includeInIndex = 0; path = testMotionTests.xctest; sourceTree = BUILT_PRODUCTS_DIR; };
		AC25F27F1AFADFEC00D80678 /* Info.plist */ = {isa = PBXFileReference; lastKnownFileType = text.plist.xml; path = Info.plist; sourceTree = "<group>"; };
		AC25F2801AFADFEC00D80678 /* testMotionTests.swift */ = {isa = PBXFileReference; lastKnownFileType = sourcecode.swift; path = testMotionTests.swift; sourceTree = "<group>"; };
/* End PBXFileReference section */

/* Begin PBXFrameworksBuildPhase section */
		AC25F25F1AFADFEC00D80678 /* Frameworks */ = {
			isa = PBXFrameworksBuildPhase;
			buildActionMask = 2147483647;
			files = (
			);
			runOnlyForDeploymentPostprocessing = 0;
		};
		AC25F2771AFADFEC00D80678 /* Frameworks */ = {
			isa = PBXFrameworksBuildPhase;
			buildActionMask = 2147483647;
			files = (
			);
			runOnlyForDeploymentPostprocessing = 0;
		};
/* End PBXFrameworksBuildPhase section */

/* Begin PBXGroup section */
		AC25F2591AFADFEC00D80678 = {
			isa = PBXGroup;
			children = (
				AC25F2641AFADFEC00D80678 /* testMotion */,
				AC25F27D1AFADFEC00D80678 /* testMotionTests */,
				AC25F2631AFADFEC00D80678 /* Products */,
			);
			sourceTree = "<group>";
		};
		AC25F2631AFADFEC00D80678 /* Products */ = {
			isa = PBXGroup;
			children = (
				AC25F2621AFADFEC00D80678 /* testMotion.app */,
				AC25F27A1AFADFEC00D80678 /* testMotionTests.xctest */,
			);
			name = Products;
			sourceTree = "<group>";
		};
		AC25F2641AFADFEC00D80678 /* testMotion */ = {
			isa = PBXGroup;
			children = (
				AC25F2671AFADFEC00D80678 /* AppDelegate.swift */,
				AC25F26C1AFADFEC00D80678 /* ViewController.swift */,
				AC25F26E1AFADFEC00D80678 /* Main.storyboard */,
				AC25F2711AFADFEC00D80678 /* Images.xcassets */,
				AC25F2731AFADFEC00D80678 /* LaunchScreen.xib */,
				AC25F2691AFADFEC00D80678 /* testMotion.xcdatamodeld */,
				AC25F2651AFADFEC00D80678 /* Supporting Files */,
			);
			path = testMotion;
			sourceTree = "<group>";
		};
		AC25F2651AFADFEC00D80678 /* Supporting Files */ = {
			isa = PBXGroup;
			children = (
				AC25F2661AFADFEC00D80678 /* Info.plist */,
			);
			name = "Supporting Files";
			sourceTree = "<group>";
		};
		AC25F27D1AFADFEC00D80678 /* testMotionTests */ = {
			isa = PBXGroup;
			children = (
				AC25F2801AFADFEC00D80678 /* testMotionTests.swift */,
				AC25F27E1AFADFEC00D80678 /* Supporting Files */,
			);
			path = testMotionTests;
			sourceTree = "<group>";
		};
		AC25F27E1AFADFEC00D80678 /* Supporting Files */ = {
			isa = PBXGroup;
			children = (
				AC25F27F1AFADFEC00D80678 /* Info.plist */,
			);
			name = "Supporting Files";
			sourceTree = "<group>";
		};
/* End PBXGroup section */

/* Begin PBXNativeTarget section */
		AC25F2611AFADFEC00D80678 /* testMotion */ = {
			isa = PBXNativeTarget;
			buildConfigurationList = AC25F2841AFADFEC00D80678 /* Build configuration list for PBXNativeTarget "testMotion" */;
			buildPhases = (
				AC25F25E1AFADFEC00D80678 /* Sources */,
				AC25F25F1AFADFEC00D80678 /* Frameworks */,
				AC25F2601AFADFEC00D80678 /* Resources */,
			);
			buildRules = (
			);
			dependencies = (
			);
			name = testMotion;
			productName = testMotion;
			productReference = AC25F2621AFADFEC00D80678 /* testMotion.app */;
			productType = "com.apple.product-type.application";
		};
		AC25F2791AFADFEC00D80678 /* testMotionTests */ = {
			isa = PBXNativeTarget;
			buildConfigurationList = AC25F2871AFADFEC00D80678 /* Build configuration list for PBXNativeTarget "testMotionTests" */;
			buildPhases = (
				AC25F2761AFADFEC00D80678 /* Sources */,
				AC25F2771AFADFEC00D80678 /* Frameworks */,
				AC25F2781AFADFEC00D80678 /* Resources */,
			);
			buildRules = (
			);
			dependencies = (
				AC25F27C1AFADFEC00D80678 /* PBXTargetDependency */,
			);
			name = testMotionTests;
			productName = testMotionTests;
			productReference = AC25F27A1AFADFEC00D80678 /* testMotionTests.xctest */;
			productType = "com.apple.product-type.bundle.unit-test";
		};
/* End PBXNativeTarget section */

/* Begin PBXProject section */
		AC25F25A1AFADFEC00D80678 /* Project object */ = {
			isa = PBXProject;
			attributes = {
				LastSwiftMigration = 0710;
				LastSwiftUpdateCheck = 0710;
				LastUpgradeCheck = 0710;
				ORGANIZATIONNAME = test;
				TargetAttributes = {
					AC25F2611AFADFEC00D80678 = {
						CreatedOnToolsVersion = 6.2;
					};
					AC25F2791AFADFEC00D80678 = {
						CreatedOnToolsVersion = 6.2;
						TestTargetID = AC25F2611AFADFEC00D80678;
					};
				};
			};
			buildConfigurationList = AC25F25D1AFADFEC00D80678 /* Build configuration list for PBXProject "testMotion" */;
			compatibilityVersion = "Xcode 3.2";
			developmentRegion = English;
			hasScannedForEncodings = 0;
			knownRegions = (
				en,
				Base,
			);
			mainGroup = AC25F2591AFADFEC00D80678;
			productRefGroup = AC25F2631AFADFEC00D80678 /* Products */;
			projectDirPath = "";
			projectRoot = "";
			targets = (
				AC25F2611AFADFEC00D80678 /* testMotion */,
				AC25F2791AFADFEC00D80678 /* testMotionTests */,
			);
		};
/* End PBXProject section */

/* Begin PBXResourcesBuildPhase section */
		AC25F2601AFADFEC00D80678 /* Resources */ = {
			isa = PBXResourcesBuildPhase;
			buildActionMask = 2147483647;
			files = (
				AC25F2701AFADFEC00D80678 /* Main.storyboard in Resources */,
				AC25F2751AFADFEC00D80678 /* LaunchScreen.xib in Resources */,
				AC25F2721AFADFEC00D80678 /* Images.xcassets in Resources */,
			);
			runOnlyForDeploymentPostprocessing = 0;
		};
		AC25F2781AFADFEC00D80678 /* Resources */ = {
			isa = PBXResourcesBuildPhase;
			buildActionMask = 2147483647;
			files = (
			);
			runOnlyForDeploymentPostprocessing = 0;
		};
/* End PBXResourcesBuildPhase section */

/* Begin PBXSourcesBuildPhase section */
		AC25F25E1AFADFEC00D80678 /* Sources */ = {
			isa = PBXSourcesBuildPhase;
			buildActionMask = 2147483647;
			files = (
				AC25F26D1AFADFEC00D80678 /* ViewController.swift in Sources */,
				AC25F2681AFADFEC00D80678 /* AppDelegate.swift in Sources */,
				AC25F26B1AFADFEC00D80678 /* testMotion.xcdatamodeld in Sources */,
			);
			runOnlyForDeploymentPostprocessing = 0;
		};
		AC25F2761AFADFEC00D80678 /* Sources */ = {
			isa = PBXSourcesBuildPhase;
			buildActionMask = 2147483647;
			files = (
				AC25F2811AFADFEC00D80678 /* testMotionTests.swift in Sources */,
			);
			runOnlyForDeploymentPostprocessing = 0;
		};
/* End PBXSourcesBuildPhase section */

/* Begin PBXTargetDependency section */
		AC25F27C1AFADFEC00D80678 /* PBXTargetDependency */ = {
			isa = PBXTargetDependency;
			target = AC25F2611AFADFEC00D80678 /* testMotion */;
			targetProxy = AC25F27B1AFADFEC00D80678 /* PBXContainerItemProxy */;
		};
/* End PBXTargetDependency section */

/* Begin PBXVariantGroup section */
		AC25F26E1AFADFEC00D80678 /* Main.storyboard */ = {
			isa = PBXVariantGroup;
			children = (
				AC25F26F1AFADFEC00D80678 /* Base */,
			);
			name = Main.storyboard;
			sourceTree = "<group>";
		};
		AC25F2731AFADFEC00D80678 /* LaunchScreen.xib */ = {
			isa = PBXVariantGroup;
			children = (
				AC25F2741AFADFEC00D80678 /* Base */,
			);
			name = LaunchScreen.xib;
			sourceTree = "<group>";
		};
/* End PBXVariantGroup section */

/* Begin XCBuildConfiguration section */
		AC25F2821AFADFEC00D80678 /* Debug */ = {
			isa = XCBuildConfiguration;
			buildSettings = {
				ALWAYS_SEARCH_USER_PATHS = NO;
				CLANG_CXX_LANGUAGE_STANDARD = "gnu++0x";
				CLANG_CXX_LIBRARY = "libc++";
				CLANG_ENABLE_MODULES = YES;
				CLANG_ENABLE_OBJC_ARC = YES;
				CLANG_WARN_BOOL_CONVERSION = YES;
				CLANG_WARN_CONSTANT_CONVERSION = YES;
				CLANG_WARN_DIRECT_OBJC_ISA_USAGE = YES_ERROR;
				CLANG_WARN_EMPTY_BODY = YES;
				CLANG_WARN_ENUM_CONVERSION = YES;
				CLANG_WARN_INT_CONVERSION = YES;
				CLANG_WARN_OBJC_ROOT_CLASS = YES_ERROR;
				CLANG_WARN_UNREACHABLE_CODE = YES;
				CLANG_WARN__DUPLICATE_METHOD_MATCH = YES;
				"CODE_SIGN_IDENTITY[sdk=iphoneos*]" = "iPhone Developer";
				COPY_PHASE_STRIP = NO;
				ENABLE_STRICT_OBJC_MSGSEND = YES;
				ENABLE_TESTABILITY = YES;
				GCC_C_LANGUAGE_STANDARD = gnu99;
				GCC_DYNAMIC_NO_PIC = NO;
				GCC_OPTIMIZATION_LEVEL = 0;
				GCC_PREPROCESSOR_DEFINITIONS = (
					"DEBUG=1",
					"$(inherited)",
				);
				GCC_SYMBOLS_PRIVATE_EXTERN = NO;
				GCC_WARN_64_TO_32_BIT_CONVERSION = YES;
				GCC_WARN_ABOUT_RETURN_TYPE = YES_ERROR;
				GCC_WARN_UNDECLARED_SELECTOR = YES;
				GCC_WARN_UNINITIALIZED_AUTOS = YES_AGGRESSIVE;
				GCC_WARN_UNUSED_FUNCTION = YES;
				GCC_WARN_UNUSED_VARIABLE = YES;
				IPHONEOS_DEPLOYMENT_TARGET = 8.3;
				MTL_ENABLE_DEBUG_INFO = YES;
				ONLY_ACTIVE_ARCH = YES;
				SDKROOT = iphoneos;
				SWIFT_OPTIMIZATION_LEVEL = "-Onone";
				TARGETED_DEVICE_FAMILY = "1,2";
			};
			name = Debug;
		};
		AC25F2831AFADFEC00D80678 /* Release */ = {
			isa = XCBuildConfiguration;
			buildSettings = {
				ALWAYS_SEARCH_USER_PATHS = NO;
				CLANG_CXX_LANGUAGE_STANDARD = "gnu++0x";
				CLANG_CXX_LIBRARY = "libc++";
				CLANG_ENABLE_MODULES = YES;
				CLANG_ENABLE_OBJC_ARC = YES;
				CLANG_WARN_BOOL_CONVERSION = YES;
				CLANG_WARN_CONSTANT_CONVERSION = YES;
				CLANG_WARN_DIRECT_OBJC_ISA_USAGE = YES_ERROR;
				CLANG_WARN_EMPTY_BODY = YES;
				CLANG_WARN_ENUM_CONVERSION = YES;
				CLANG_WARN_INT_CONVERSION = YES;
				CLANG_WARN_OBJC_ROOT_CLASS = YES_ERROR;
				CLANG_WARN_UNREACHABLE_CODE = YES;
				CLANG_WARN__DUPLICATE_METHOD_MATCH = YES;
				"CODE_SIGN_IDENTITY[sdk=iphoneos*]" = "iPhone Developer";
				COPY_PHASE_STRIP = NO;
				ENABLE_NS_ASSERTIONS = NO;
				ENABLE_STRICT_OBJC_MSGSEND = YES;
				GCC_C_LANGUAGE_STANDARD = gnu99;
				GCC_WARN_64_TO_32_BIT_CONVERSION = YES;
				GCC_WARN_ABOUT_RETURN_TYPE = YES_ERROR;
				GCC_WARN_UNDECLARED_SELECTOR = YES;
				GCC_WARN_UNINITIALIZED_AUTOS = YES_AGGRESSIVE;
				GCC_WARN_UNUSED_FUNCTION = YES;
				GCC_WARN_UNUSED_VARIABLE = YES;
				IPHONEOS_DEPLOYMENT_TARGET = 8.3;
				MTL_ENABLE_DEBUG_INFO = NO;
				SDKROOT = iphoneos;
				TARGETED_DEVICE_FAMILY = "1,2";
				VALIDATE_PRODUCT = YES;
			};
			name = Release;
		};
		AC25F2851AFADFEC00D80678 /* Debug */ = {
			isa = XCBuildConfiguration;
			buildSettings = {
				ASSETCATALOG_COMPILER_APPICON_NAME = AppIcon;
				INFOPLIST_FILE = testMotion/Info.plist;
				IPHONEOS_DEPLOYMENT_TARGET = 8.3;
				LD_RUNPATH_SEARCH_PATHS = "$(inherited) @executable_path/Frameworks";
				PRODUCT_BUNDLE_IDENTIFIER = "test.$(PRODUCT_NAME:rfc1034identifier)";
				PRODUCT_NAME = "$(TARGET_NAME)";
			};
			name = Debug;
		};
		AC25F2861AFADFEC00D80678 /* Release */ = {
			isa = XCBuildConfiguration;
			buildSettings = {
				ASSETCATALOG_COMPILER_APPICON_NAME = AppIcon;
				INFOPLIST_FILE = testMotion/Info.plist;
				IPHONEOS_DEPLOYMENT_TARGET = 8.3;
				LD_RUNPATH_SEARCH_PATHS = "$(inherited) @executable_path/Frameworks";
				PRODUCT_BUNDLE_IDENTIFIER = "test.$(PRODUCT_NAME:rfc1034identifier)";
				PRODUCT_NAME = "$(TARGET_NAME)";
			};
			name = Release;
		};
		AC25F2881AFADFEC00D80678 /* Debug */ = {
			isa = XCBuildConfiguration;
			buildSettings = {
				BUNDLE_LOADER = "$(TEST_HOST)";
				FRAMEWORK_SEARCH_PATHS = (
					"$(SDKROOT)/Developer/Library/Frameworks",
					"$(inherited)",
				);
				GCC_PREPROCESSOR_DEFINITIONS = (
					"DEBUG=1",
					"$(inherited)",
				);
				INFOPLIST_FILE = testMotionTests/Info.plist;
				LD_RUNPATH_SEARCH_PATHS = "$(inherited) @executable_path/Frameworks @loader_path/Frameworks";
				PRODUCT_BUNDLE_IDENTIFIER = "test.$(PRODUCT_NAME:rfc1034identifier)";
				PRODUCT_NAME = "$(TARGET_NAME)";
				TEST_HOST = "$(BUILT_PRODUCTS_DIR)/testMotion.app/testMotion";
			};
			name = Debug;
		};
		AC25F2891AFADFEC00D80678 /* Release */ = {
			isa = XCBuildConfiguration;
			buildSettings = {
				BUNDLE_LOADER = "$(TEST_HOST)";
				FRAMEWORK_SEARCH_PATHS = (
					"$(SDKROOT)/Developer/Library/Frameworks",
					"$(inherited)",
				);
				INFOPLIST_FILE = testMotionTests/Info.plist;
				LD_RUNPATH_SEARCH_PATHS = "$(inherited) @executable_path/Frameworks @loader_path/Frameworks";
				PRODUCT_BUNDLE_IDENTIFIER = "test.$(PRODUCT_NAME:rfc1034identifier)";
				PRODUCT_NAME = "$(TARGET_NAME)";
				TEST_HOST = "$(BUILT_PRODUCTS_DIR)/testMotion.app/testMotion";
			};
			name = Release;
		};
/* End XCBuildConfiguration section */

/* Begin XCConfigurationList section */
		AC25F25D1AFADFEC00D80678 /* Build configuration list for PBXProject "testMotion" */ = {
			isa = XCConfigurationList;
			buildConfigurations = (
				AC25F2821AFADFEC00D80678 /* Debug */,
				AC25F2831AFADFEC00D80678 /* Release */,
			);
			defaultConfigurationIsVisible = 0;
			defaultConfigurationName = Release;
		};
		AC25F2841AFADFEC00D80678 /* Build configuration list for PBXNativeTarget "testMotion" */ = {
			isa = XCConfigurationList;
			buildConfigurations = (
				AC25F2851AFADFEC00D80678 /* Debug */,
				AC25F2861AFADFEC00D80678 /* Release */,
			);
			defaultConfigurationIsVisible = 0;
			defaultConfigurationName = Release;
		};
		AC25F2871AFADFEC00D80678 /* Build configuration list for PBXNativeTarget "testMotionTests" */ = {
			isa = XCConfigurationList;
			buildConfigurations = (
				AC25F2881AFADFEC00D80678 /* Debug */,
				AC25F2891AFADFEC00D80678 /* Release */,
			);
			defaultConfigurationIsVisible = 0;
			defaultConfigurationName = Release;
		};
/* End XCConfigurationList section */

/* Begin XCVersionGroup section */
		AC25F2691AFADFEC00D80678 /* testMotion.xcdatamodeld */ = {
			isa = XCVersionGroup;
			children = (
				AC25F26A1AFADFEC00D80678 /* testMotion.xcdatamodel */,
			);
			currentVersion = AC25F26A1AFADFEC00D80678 /* testMotion.xcdatamodel */;
			path = testMotion.xcdatamodeld;
			sourceTree = "<group>";
			versionGroupType = wrapper.xcdatamodel;
		};
/* End XCVersionGroup section */
	};
	rootObject = AC25F25A1AFADFEC00D80678 /* Project object */;
}
